
Microsoft Visual Studio Solution File, Format Version 12.00
# Visual Studio Version 17
VisualStudioVersion = 17.11.35327.3
MinimumVisualStudioVersion = 10.0.40219.1
Project("{FAE04EC0-301F-11D3-BF4B-00C04F79EFBC}") = "virtual_museum_f", "virtual_museum_f\virtual_museum_f.csproj", "{B547B3C2-3D77-494C-81D4-23E3A98E8280}"
EndProject
Global
	GlobalSection(SolutionConfigurationPlatforms) = preSolution
		Debug|Any CPU = Debug|Any CPU
		Release|Any CPU = Release|Any CPU
	EndGlobalSection
	GlobalSection(ProjectConfigurationPlatforms) = postSolution
		{B547B3C2-3D77-494C-81D4-23E3A98E8280}.Debug|Any CPU.ActiveCfg = Debug|Any CPU
		{B547B3C2-3D77-494C-81D4-23E3A98E8280}.Debug|Any CPU.Build.0 = Debug|Any CPU
		{B547B3C2-3D77-494C-81D4-23E3A98E8280}.Release|Any CPU.ActiveCfg = Release|Any CPU
		{B547B3C2-3D77-494C-81D4-23E3A98E8280}.Release|Any CPU.Build.0 = Release|Any CPU
	EndGlobalSection
	GlobalSection(SolutionProperties) = preSolution
		HideSolutionNode = FALSE
	EndGlobalSection
	GlobalSection(ExtensibilityGlobals) = postSolution
		SolutionGuid = {05E9559A-3681-48C7-B63B-E4083D09C1FC}
	EndGlobalSection
EndGlobal
